Microsoft Visual Studio Solution File, Format Version 12.00
# Visual Studio 2013
VisualStudioVersion = 12.0.21005.1
MinimumVisualStudioVersion = 10.0.40219.1
Project("{8BC9CEB8-8B4A-11D0-8D11-00A0C91BC942}") = "DynamicMemory", "DynamicMemory.vcxproj", "{534D2FE4-83D3-4302-B333-B9A3C6928B95}"
EndProject
Global
	GlobalSection(SolutionConfigurationPlatforms) = preSolution
		Debug|Win32 = Debug|Win32
		Release|Win32 = Release|Win32
	EndGlobalSection
	GlobalSection(ProjectConfigurationPlatforms) = postSolution
		{534D2FE4-83D3-4302-B333-B9A3C6928B95}.Debug|Win32.ActiveCfg = Debug|Win32
		{534D2FE4-83D3-4302-B333-B9A3C6928B95}.Debug|Win32.Build.0 = Debug|Win32
		{534D2FE4-83D3-4302-B333-B9A3C6928B95}.Release|Win32.ActiveCfg = Release|Win32
		{534D2FE4-83D3-4302-B333-B9A3C6928B95}.Release|Win32.Build.0 = Release|Win32
	EndGlobalSection
	GlobalSection(SolutionProperties) = preSolution
		HideSolutionNode = FALSE
	EndGlobalSection
EndGlobal
