
Microsoft Visual Studio Solution File, Format Version 11.00
# Visual Studio 2010
Project("{FAE04EC0-301F-11D3-BF4B-00C04F79EFBC}") = "IfStatement", "IfStatement.csproj", "{B43DD67F-1CD4-4F4A-897B-5BD9076CDBA8}"
EndProject
Global
	GlobalSection(SolutionConfigurationPlatforms) = preSolution
		Debug|Any CPU = Debug|Any CPU
		Release|Any CPU = Release|Any CPU
	EndGlobalSection
	GlobalSection(ProjectConfigurationPlatforms) = postSolution
		{B43DD67F-1CD4-4F4A-897B-5BD9076CDBA8}.Debug|Any CPU.ActiveCfg = Debug|Any CPU
		{B43DD67F-1CD4-4F4A-897B-5BD9076CDBA8}.Debug|Any CPU.Build.0 = Debug|Any CPU
		{B43DD67F-1CD4-4F4A-897B-5BD9076CDBA8}.Release|Any CPU.ActiveCfg = Release|Any CPU
		{B43DD67F-1CD4-4F4A-897B-5BD9076CDBA8}.Release|Any CPU.Build.0 = Release|Any CPU
	EndGlobalSection
	GlobalSection(SolutionProperties) = preSolution
		HideSolutionNode = FALSE
	EndGlobalSection
EndGlobal
