Microsoft Visual Studio Solution File, Format Version 12.00
# Visual Studio 2013
VisualStudioVersion = 12.0.21005.1
MinimumVisualStudioVersion = 10.0.40219.1
Project("{8BC9CEB8-8B4A-11D0-8D11-00A0C91BC942}") = "ConsoleMaze", "ConsoleMaze.vcxproj", "{B741B747-1E14-4F8A-B1AE-9CA712616C7D}"
EndProject
Global
	GlobalSection(SolutionConfigurationPlatforms) = preSolution
		Debug|Win32 = Debug|Win32
		Release|Win32 = Release|Win32
	EndGlobalSection
	GlobalSection(ProjectConfigurationPlatforms) = postSolution
		{B741B747-1E14-4F8A-B1AE-9CA712616C7D}.Debug|Win32.ActiveCfg = Debug|Win32
		{B741B747-1E14-4F8A-B1AE-9CA712616C7D}.Debug|Win32.Build.0 = Debug|Win32
		{B741B747-1E14-4F8A-B1AE-9CA712616C7D}.Release|Win32.ActiveCfg = Release|Win32
		{B741B747-1E14-4F8A-B1AE-9CA712616C7D}.Release|Win32.Build.0 = Release|Win32
	EndGlobalSection
	GlobalSection(SolutionProperties) = preSolution
		HideSolutionNode = FALSE
	EndGlobalSection
EndGlobal
