<?xml version="1.0" encoding="utf-8"?>
<Project ToolsVersion="4.0" xmlns="http://schemas.microsoft.com/developer/msbuild/2003">
  <ItemGroup>
    <Filter Include="Source Files">
      <UniqueIdentifier>{f110a1e1-2b93-4ba8-9781-68ad390910b6}</UniqueIdentifier>
      <Extensions>cpp;c;cxx;rc;def;r;odl;idl;hpj;bat</Extensions>
    </Filter>
    <Filter Include="Header Files">
      <UniqueIdentifier>{fefb1741-0913-46dc-a75e-5690e4f5a496}</UniqueIdentifier>
      <Extensions>h;hpp;hxx;hm;inl</Extensions>
    </Filter>
    <Filter Include="Resource Files">
      <UniqueIdentifier>{20e35143-c777-4145-a4ce-b8221d1ad00d}</UniqueIdentifier>
      <Extensions>ico;cur;bmp;dlg;rc2;rct;bin;rgs;gif;jpg;jpeg;jpe</Extensions>
    </Filter>
  </ItemGroup>
  <ItemGroup>
    <ClCompile Include="win_main.cpp">
      <Filter>Source Files</Filter>
    </ClCompile>
    <ClCompile Include="winobj.cpp">
      <Filter>Source Files</Filter>
    </ClCompile>
  </ItemGroup>
  <ItemGroup>
    <ClInclude Include="win_main.h">
      <Filter>Header Files</Filter>
    </ClInclude>
    <ClInclude Include="winobj.h">
      <Filter>Header Files</Filter>
    </ClInclude>
  </ItemGroup>
</Project>