<?xml version="1.0" encoding="utf-8"?>
<Project ToolsVersion="4.0" xmlns="http://schemas.microsoft.com/developer/msbuild/2003">
  <ItemGroup>
    <Filter Include="Source Files">
      <UniqueIdentifier>{e779553c-2a55-49cb-8c47-67a8426a7db9}</UniqueIdentifier>
      <Extensions>cpp;c;cxx;def;odl;idl;hpj;bat;asm</Extensions>
    </Filter>
    <Filter Include="Header Files">
      <UniqueIdentifier>{843066a6-9741-4e04-a01b-43581a012ef9}</UniqueIdentifier>
      <Extensions>h;hpp;hxx;hm;inl;inc</Extensions>
    </Filter>
    <Filter Include="Resource Files">
      <UniqueIdentifier>{1c8f18c9-076d-4f34-84ce-5991e8956199}</UniqueIdentifier>
      <Extensions>rc;ico;cur;bmp;dlg;rc2;rct;bin;rgs;gif;jpg;jpeg;jpe</Extensions>
    </Filter>
  </ItemGroup>
  <ItemGroup>
    <ClCompile Include="d3d_obj.cpp">
      <Filter>Source Files</Filter>
    </ClCompile>
    <ClCompile Include="d3d_texture.cpp">
      <Filter>Source Files</Filter>
    </ClCompile>
    <ClCompile Include="win_main.cpp">
      <Filter>Source Files</Filter>
    </ClCompile>
  </ItemGroup>
  <ItemGroup>
    <ClInclude Include="d3d_obj.h">
      <Filter>Header Files</Filter>
    </ClInclude>
    <ClInclude Include="d3d_texture.h">
      <Filter>Header Files</Filter>
    </ClInclude>
    <ClInclude Include="vertex_types.h">
      <Filter>Header Files</Filter>
    </ClInclude>
  </ItemGroup>
</Project>