Microsoft Visual Studio Solution File, Format Version 12.00
# Visual Studio 2013
VisualStudioVersion = 12.0.21005.1
MinimumVisualStudioVersion = 10.0.40219.1
Project("{8BC9CEB8-8B4A-11D0-8D11-00A0C91BC942}") = "BitmapBackground", "BitmapBackground.vcxproj", "{F8F069C9-8A12-41E5-908D-2684EC1975A4}"
EndProject
Global
	GlobalSection(SolutionConfigurationPlatforms) = preSolution
		Debug|Win32 = Debug|Win32
		Release|Win32 = Release|Win32
	EndGlobalSection
	GlobalSection(ProjectConfigurationPlatforms) = postSolution
		{F8F069C9-8A12-41E5-908D-2684EC1975A4}.Debug|Win32.ActiveCfg = Debug|Win32
		{F8F069C9-8A12-41E5-908D-2684EC1975A4}.Debug|Win32.Build.0 = Debug|Win32
		{F8F069C9-8A12-41E5-908D-2684EC1975A4}.Release|Win32.ActiveCfg = Release|Win32
		{F8F069C9-8A12-41E5-908D-2684EC1975A4}.Release|Win32.Build.0 = Release|Win32
	EndGlobalSection
	GlobalSection(SolutionProperties) = preSolution
		HideSolutionNode = FALSE
	EndGlobalSection
EndGlobal
